
Microsoft Visual Studio Solution File, Format Version 12.00
# Visual Studio Version 16
VisualStudioVersion = 25.0.1703.8
MinimumVisualStudioVersion = 10.0.40219.1
Project("{FAE04EC0-301F-11D3-BF4B-00C04F79EFBC}") = "LocalitiesManager.Api", "LocalitiesManager.Api\LocalitiesManager.Api.csproj", "{509311E7-80E9-4317-A4F2-A6F3FB09C979}"
EndProject
Project("{FAE04EC0-301F-11D3-BF4B-00C04F79EFBC}") = "LocalitiesManager.Data", "LocalitiesManager.Data\LocalitiesManager.Data.csproj", "{810EE88F-2328-45F8-8773-8C207FF018C1}"
EndProject
Project("{FAE04EC0-301F-11D3-BF4B-00C04F79EFBC}") = "LocalitiesManager.Shared", "LocalitiesManager.Shared\LocalitiesManager.Shared.csproj", "{49109456-7190-4B50-B73F-9E8CFE03457B}"
EndProject
Project("{FAE04EC0-301F-11D3-BF4B-00C04F79EFBC}") = "LocalitiesManager.Api.CommandsQueries", "LocalitiesManager.Api.CommandsQueries\LocalitiesManager.Api.CommandsQueries.csproj", "{0D9DCEE4-4A9B-49A3-9AB0-F8EC82C46E2B}"
EndProject
Global
	GlobalSection(SolutionConfigurationPlatforms) = preSolution
		Debug|Any CPU = Debug|Any CPU
		Release|Any CPU = Release|Any CPU
	EndGlobalSection
	GlobalSection(ProjectConfigurationPlatforms) = postSolution
		{509311E7-80E9-4317-A4F2-A6F3FB09C979}.Debug|Any CPU.ActiveCfg = Debug|Any CPU
		{509311E7-80E9-4317-A4F2-A6F3FB09C979}.Debug|Any CPU.Build.0 = Debug|Any CPU
		{509311E7-80E9-4317-A4F2-A6F3FB09C979}.Release|Any CPU.ActiveCfg = Release|Any CPU
		{509311E7-80E9-4317-A4F2-A6F3FB09C979}.Release|Any CPU.Build.0 = Release|Any CPU
		{810EE88F-2328-45F8-8773-8C207FF018C1}.Debug|Any CPU.ActiveCfg = Debug|Any CPU
		{810EE88F-2328-45F8-8773-8C207FF018C1}.Debug|Any CPU.Build.0 = Debug|Any CPU
		{810EE88F-2328-45F8-8773-8C207FF018C1}.Release|Any CPU.ActiveCfg = Release|Any CPU
		{810EE88F-2328-45F8-8773-8C207FF018C1}.Release|Any CPU.Build.0 = Release|Any CPU
		{49109456-7190-4B50-B73F-9E8CFE03457B}.Debug|Any CPU.ActiveCfg = Debug|Any CPU
		{49109456-7190-4B50-B73F-9E8CFE03457B}.Debug|Any CPU.Build.0 = Debug|Any CPU
		{49109456-7190-4B50-B73F-9E8CFE03457B}.Release|Any CPU.ActiveCfg = Release|Any CPU
		{49109456-7190-4B50-B73F-9E8CFE03457B}.Release|Any CPU.Build.0 = Release|Any CPU
		{0D9DCEE4-4A9B-49A3-9AB0-F8EC82C46E2B}.Debug|Any CPU.ActiveCfg = Debug|Any CPU
		{0D9DCEE4-4A9B-49A3-9AB0-F8EC82C46E2B}.Debug|Any CPU.Build.0 = Debug|Any CPU
		{0D9DCEE4-4A9B-49A3-9AB0-F8EC82C46E2B}.Release|Any CPU.ActiveCfg = Release|Any CPU
		{0D9DCEE4-4A9B-49A3-9AB0-F8EC82C46E2B}.Release|Any CPU.Build.0 = Release|Any CPU
	EndGlobalSection
	GlobalSection(SolutionProperties) = preSolution
		HideSolutionNode = FALSE
	EndGlobalSection
	GlobalSection(ExtensibilityGlobals) = postSolution
		SolutionGuid = {6A3D7A72-10EB-423D-8869-26C909E2DDFE}
	EndGlobalSection
EndGlobal
